
Microsoft Visual Studio Solution File, Format Version 12.00
# Visual Studio Version 17
VisualStudioVersion = 17.14.36301.6 d17.14
MinimumVisualStudioVersion = 10.0.40219.1
Project("{FAE04EC0-301F-11D3-BF4B-00C04F79EFBC}") = "Assignment-Session-6", "Assignment-Session-6\Assignment-Session-6.csproj", "{343A9937-13CB-402D-8748-9A0A300F568A}"
EndProject
Global
	GlobalSection(SolutionConfigurationPlatforms) = preSolution
		Debug|Any CPU = Debug|Any CPU
		Release|Any CPU = Release|Any CPU
	EndGlobalSection
	GlobalSection(ProjectConfigurationPlatforms) = postSolution
		{343A9937-13CB-402D-8748-9A0A300F568A}.Debug|Any CPU.ActiveCfg = Debug|Any CPU
		{343A9937-13CB-402D-8748-9A0A300F568A}.Debug|Any CPU.Build.0 = Debug|Any CPU
		{343A9937-13CB-402D-8748-9A0A300F568A}.Release|Any CPU.ActiveCfg = Release|Any CPU
		{343A9937-13CB-402D-8748-9A0A300F568A}.Release|Any CPU.Build.0 = Release|Any CPU
	EndGlobalSection
	GlobalSection(SolutionProperties) = preSolution
		HideSolutionNode = FALSE
	EndGlobalSection
	GlobalSection(ExtensibilityGlobals) = postSolution
		SolutionGuid = {DB93C037-056D-462B-B0E8-9586A6BCDD8D}
	EndGlobalSection
EndGlobal
